
Microsoft Visual Studio Solution File, Format Version 12.00
# Visual Studio 15
VisualStudioVersion = 15.0.28307.1022
MinimumVisualStudioVersion = 10.0.40219.1
Project("{FAE04EC0-301F-11D3-BF4B-00C04F79EFBC}") = "Zadatak_1", "Zadatak_1\Zadatak_1.csproj", "{62CD5291-E84C-498B-99CF-8B55A63860A3}"
EndProject
Global
	GlobalSection(SolutionConfigurationPlatforms) = preSolution
		Debug|Any CPU = Debug|Any CPU
		Release|Any CPU = Release|Any CPU
	EndGlobalSection
	GlobalSection(ProjectConfigurationPlatforms) = postSolution
		{62CD5291-E84C-498B-99CF-8B55A63860A3}.Debug|Any CPU.ActiveCfg = Debug|Any CPU
		{62CD5291-E84C-498B-99CF-8B55A63860A3}.Debug|Any CPU.Build.0 = Debug|Any CPU
		{62CD5291-E84C-498B-99CF-8B55A63860A3}.Release|Any CPU.ActiveCfg = Release|Any CPU
		{62CD5291-E84C-498B-99CF-8B55A63860A3}.Release|Any CPU.Build.0 = Release|Any CPU
	EndGlobalSection
	GlobalSection(SolutionProperties) = preSolution
		HideSolutionNode = FALSE
	EndGlobalSection
	GlobalSection(ExtensibilityGlobals) = postSolution
		SolutionGuid = {E7677117-C5E6-4091-897F-8F72A2CF67B4}
	EndGlobalSection
EndGlobal
